
Microsoft Visual Studio Solution File, Format Version 12.00
# Visual Studio Version 17
VisualStudioVersion = 17.0.31912.275
MinimumVisualStudioVersion = 10.0.40219.1
Project("{9A19103F-16F7-4668-BE54-9A1E7A4F7556}") = "Store.Test", "Store.Test\Store.Test.csproj", "{38D79E1A-2C50-46F9-B131-D321443086A2}"
EndProject
Project("{FAE04EC0-301F-11D3-BF4B-00C04F79EFBC}") = "Store.Domain", "Store.Domain\Store.Domain.csproj", "{AFEBE65B-88EF-4E84-9EC2-4FFCC8FEFF5B}"
EndProject
Global
	GlobalSection(SolutionConfigurationPlatforms) = preSolution
		Debug|Any CPU = Debug|Any CPU
		Release|Any CPU = Release|Any CPU
	EndGlobalSection
	GlobalSection(ProjectConfigurationPlatforms) = postSolution
		{38D79E1A-2C50-46F9-B131-D321443086A2}.Debug|Any CPU.ActiveCfg = Debug|Any CPU
		{38D79E1A-2C50-46F9-B131-D321443086A2}.Debug|Any CPU.Build.0 = Debug|Any CPU
		{38D79E1A-2C50-46F9-B131-D321443086A2}.Release|Any CPU.ActiveCfg = Release|Any CPU
		{38D79E1A-2C50-46F9-B131-D321443086A2}.Release|Any CPU.Build.0 = Release|Any CPU
		{AFEBE65B-88EF-4E84-9EC2-4FFCC8FEFF5B}.Debug|Any CPU.ActiveCfg = Debug|Any CPU
		{AFEBE65B-88EF-4E84-9EC2-4FFCC8FEFF5B}.Debug|Any CPU.Build.0 = Debug|Any CPU
		{AFEBE65B-88EF-4E84-9EC2-4FFCC8FEFF5B}.Release|Any CPU.ActiveCfg = Release|Any CPU
		{AFEBE65B-88EF-4E84-9EC2-4FFCC8FEFF5B}.Release|Any CPU.Build.0 = Release|Any CPU
	EndGlobalSection
	GlobalSection(SolutionProperties) = preSolution
		HideSolutionNode = FALSE
	EndGlobalSection
	GlobalSection(ExtensibilityGlobals) = postSolution
		SolutionGuid = {A4FE80F5-1E87-4769-B1E3-DB7D5A29E5B6}
	EndGlobalSection
EndGlobal
